// !$*UTF8*$!
{
	archiveVersion = 1;
	classes = {
	};
	objectVersion = 56;
	objects = {

/* Begin PBXBuildFile section */
		F76290C22BD2111300ABFAFA /* AppDelegate.m in Sources */ = {isa = PBXBuildFile; fileRef = F76290C12BD2111300ABFAFA /* AppDelegate.m */; };
		F76290C52BD2111300ABFAFA /* SceneDelegate.m in Sources */ = {isa = PBXBuildFile; fileRef = F76290C42BD2111300ABFAFA /* SceneDelegate.m */; };
		F76290C82BD2111300ABFAFA /* ViewController.m in Sources */ = {isa = PBXBuildFile; fileRef = F76290C72BD2111300ABFAFA /* ViewController.m */; };
		F76290CB2BD2111300ABFAFA /* Main.storyboard in Resources */ = {isa = PBXBuildFile; fileRef = F76290C92BD2111300ABFAFA /* Main.storyboard */; };
		F76290CD2BD2111900ABFAFA /* Assets.xcassets in Resources */ = {isa = PBXBuildFile; fileRef = F76290CC2BD2111900ABFAFA /* Assets.xcassets */; };
		F76290D02BD2111900ABFAFA /* LaunchScreen.storyboard in Resources */ = {isa = PBXBuildFile; fileRef = F76290CE2BD2111900ABFAFA /* LaunchScreen.storyboard */; };
		F76290D32BD2111900ABFAFA /* main.m in Sources */ = {isa = PBXBuildFile; fileRef = F76290D22BD2111900ABFAFA /* main.m */; };
		F76290DB2BD2114100ABFAFA /* AppLaunchTime.m in Sources */ = {isa = PBXBuildFile; fileRef = F76290DA2BD2114100ABFAFA /* AppLaunchTime.m */; };
/* End PBXBuildFile section */

/* Begin PBXFileReference section */
		F76290BD2BD2111300ABFAFA /* Optimize-LaunchTime.app */ = {isa = PBXFileReference; explicitFileType = wrapper.application; includeInIndex = 0; path = "Optimize-LaunchTime.app"; sourceTree = BUILT_PRODUCTS_DIR; };
		F76290C02BD2111300ABFAFA /* AppDelegate.h */ = {isa = PBXFileReference; lastKnownFileType = sourcecode.c.h; path = AppDelegate.h; sourceTree = "<group>"; };
		F76290C12BD2111300ABFAFA /* AppDelegate.m */ = {isa = PBXFileReference; lastKnownFileType = sourcecode.c.objc; path = AppDelegate.m; sourceTree = "<group>"; };
		F76290C32BD2111300ABFAFA /* SceneDelegate.h */ = {isa = PBXFileReference; lastKnownFileType = sourcecode.c.h; path = SceneDelegate.h; sourceTree = "<group>"; };
		F76290C42BD2111300ABFAFA /* SceneDelegate.m */ = {isa = PBXFileReference; lastKnownFileType = sourcecode.c.objc; path = SceneDelegate.m; sourceTree = "<group>"; };
		F76290C62BD2111300ABFAFA /* ViewController.h */ = {isa = PBXFileReference; lastKnownFileType = sourcecode.c.h; path = ViewController.h; sourceTree = "<group>"; };
		F76290C72BD2111300ABFAFA /* ViewController.m */ = {isa = PBXFileReference; lastKnownFileType = sourcecode.c.objc; path = ViewController.m; sourceTree = "<group>"; };
		F76290CA2BD2111300ABFAFA /* Base */ = {isa = PBXFileReference; lastKnownFileType = file.storyboard; name = Base; path = Base.lproj/Main.storyboard; sourceTree = "<group>"; };
		F76290CC2BD2111900ABFAFA /* Assets.xcassets */ = {isa = PBXFileReference; lastKnownFileType = folder.assetcatalog; path = Assets.xcassets; sourceTree = "<group>"; };
		F76290CF2BD2111900ABFAFA /* Base */ = {isa = PBXFileReference; lastKnownFileType = file.storyboard; name = Base; path = Base.lproj/LaunchScreen.storyboard; sourceTree = "<group>"; };
		F76290D12BD2111900ABFAFA /* Info.plist */ = {isa = PBXFileReference; lastKnownFileType = text.plist.xml; path = Info.plist; sourceTree = "<group>"; };
		F76290D22BD2111900ABFAFA /* main.m */ = {isa = PBXFileReference; lastKnownFileType = sourcecode.c.objc; path = main.m; sourceTree = "<group>"; };
		F76290D92BD2114100ABFAFA /* AppLaunchTime.h */ = {isa = PBXFileReference; lastKnownFileType = sourcecode.c.h; path = AppLaunchTime.h; sourceTree = "<group>"; };
		F76290DA2BD2114100ABFAFA /* AppLaunchTime.m */ = {isa = PBXFileReference; lastKnownFileType = sourcecode.c.objc; path = AppLaunchTime.m; sourceTree = "<group>"; };
/* End PBXFileReference section */

/* Begin PBXFrameworksBuildPhase section */
		F76290BA2BD2111300ABFAFA /* Frameworks */ = {
			isa = PBXFrameworksBuildPhase;
			buildActionMask = 2147483647;
			files = (
			);
			runOnlyForDeploymentPostprocessing = 0;
		};
/* End PBXFrameworksBuildPhase section */

/* Begin PBXGroup section */
		F76290B42BD2111300ABFAFA = {
			isa = PBXGroup;
			children = (
				F76290BF2BD2111300ABFAFA /* Optimize-LaunchTime */,
				F76290BE2BD2111300ABFAFA /* Products */,
			);
			sourceTree = "<group>";
		};
		F76290BE2BD2111300ABFAFA /* Products */ = {
			isa = PBXGroup;
			children = (
				F76290BD2BD2111300ABFAFA /* Optimize-LaunchTime.app */,
			);
			name = Products;
			sourceTree = "<group>";
		};
		F76290BF2BD2111300ABFAFA /* Optimize-LaunchTime */ = {
			isa = PBXGroup;
			children = (
				F76290C02BD2111300ABFAFA /* AppDelegate.h */,
				F76290C12BD2111300ABFAFA /* AppDelegate.m */,
				F76290C32BD2111300ABFAFA /* SceneDelegate.h */,
				F76290C42BD2111300ABFAFA /* SceneDelegate.m */,
				F76290C62BD2111300ABFAFA /* ViewController.h */,
				F76290C72BD2111300ABFAFA /* ViewController.m */,
				F76290C92BD2111300ABFAFA /* Main.storyboard */,
				F76290CC2BD2111900ABFAFA /* Assets.xcassets */,
				F76290CE2BD2111900ABFAFA /* LaunchScreen.storyboard */,
				F76290D12BD2111900ABFAFA /* Info.plist */,
				F76290D22BD2111900ABFAFA /* main.m */,
				F76290D92BD2114100ABFAFA /* AppLaunchTime.h */,
				F76290DA2BD2114100ABFAFA /* AppLaunchTime.m */,
			);
			path = "Optimize-LaunchTime";
			sourceTree = "<group>";
		};
/* End PBXGroup section */

/* Begin PBXNativeTarget section */
		F76290BC2BD2111300ABFAFA /* Optimize-LaunchTime */ = {
			isa = PBXNativeTarget;
			buildConfigurationList = F76290D62BD2111900ABFAFA /* Build configuration list for PBXNativeTarget "Optimize-LaunchTime" */;
			buildPhases = (
				F76290B92BD2111300ABFAFA /* Sources */,
				F76290BA2BD2111300ABFAFA /* Frameworks */,
				F76290BB2BD2111300ABFAFA /* Resources */,
			);
			buildRules = (
			);
			dependencies = (
			);
			name = "Optimize-LaunchTime";
			productName = "Optimize-LaunchTime";
			productReference = F76290BD2BD2111300ABFAFA /* Optimize-LaunchTime.app */;
			productType = "com.apple.product-type.application";
		};
/* End PBXNativeTarget section */

/* Begin PBXProject section */
		F76290B52BD2111300ABFAFA /* Project object */ = {
			isa = PBXProject;
			attributes = {
				BuildIndependentTargetsInParallel = 1;
				LastUpgradeCheck = 1510;
				TargetAttributes = {
					F76290BC2BD2111300ABFAFA = {
						CreatedOnToolsVersion = 15.1;
					};
				};
			};
			buildConfigurationList = F76290B82BD2111300ABFAFA /* Build configuration list for PBXProject "Optimize-LaunchTime" */;
			compatibilityVersion = "Xcode 14.0";
			developmentRegion = en;
			hasScannedForEncodings = 0;
			knownRegions = (
				en,
				Base,
			);
			mainGroup = F76290B42BD2111300ABFAFA;
			productRefGroup = F76290BE2BD2111300ABFAFA /* Products */;
			projectDirPath = "";
			projectRoot = "";
			targets = (
				F76290BC2BD2111300ABFAFA /* Optimize-LaunchTime */,
			);
		};
/* End PBXProject section */

/* Begin PBXResourcesBuildPhase section */
		F76290BB2BD2111300ABFAFA /* Resources */ = {
			isa = PBXResourcesBuildPhase;
			buildActionMask = 2147483647;
			files = (
				F76290D02BD2111900ABFAFA /* LaunchScreen.storyboard in Resources */,
				F76290CD2BD2111900ABFAFA /* Assets.xcassets in Resources */,
				F76290CB2BD2111300ABFAFA /* Main.storyboard in Resources */,
			);
			runOnlyForDeploymentPostprocessing = 0;
		};
/* End PBXResourcesBuildPhase section */

/* Begin PBXSourcesBuildPhase section */
		F76290B92BD2111300ABFAFA /* Sources */ = {
			isa = PBXSourcesBuildPhase;
			buildActionMask = 2147483647;
			files = (
				F76290DB2BD2114100ABFAFA /* AppLaunchTime.m in Sources */,
				F76290C82BD2111300ABFAFA /* ViewController.m in Sources */,
				F76290C22BD2111300ABFAFA /* AppDelegate.m in Sources */,
				F76290D32BD2111900ABFAFA /* main.m in Sources */,
				F76290C52BD2111300ABFAFA /* SceneDelegate.m in Sources */,
			);
			runOnlyForDeploymentPostprocessing = 0;
		};
/* End PBXSourcesBuildPhase section */

/* Begin PBXVariantGroup section */
		F76290C92BD2111300ABFAFA /* Main.storyboard */ = {
			isa = PBXVariantGroup;
			children = (
				F76290CA2BD2111300ABFAFA /* Base */,
			);
			name = Main.storyboard;
			sourceTree = "<group>";
		};
		F76290CE2BD2111900ABFAFA /* LaunchScreen.storyboard */ = {
			isa = PBXVariantGroup;
			children = (
				F76290CF2BD2111900ABFAFA /* Base */,
			);
			name = LaunchScreen.storyboard;
			sourceTree = "<group>";
		};
/* End PBXVariantGroup section */

/* Begin XCBuildConfiguration section */
		F76290D42BD2111900ABFAFA /* Debug */ = {
			isa = XCBuildConfiguration;
			buildSettings = {
				ALWAYS_SEARCH_USER_PATHS = NO;
				ASSETCATALOG_COMPILER_GENERATE_SWIFT_ASSET_SYMBOL_EXTENSIONS = YES;
				CLANG_ANALYZER_NONNULL = YES;
				CLANG_ANALYZER_NUMBER_OBJECT_CONVERSION = YES_AGGRESSIVE;
				CLANG_CXX_LANGUAGE_STANDARD = "gnu++20";
				CLANG_ENABLE_MODULES = YES;
				CLANG_ENABLE_OBJC_ARC = YES;
				CLANG_ENABLE_OBJC_WEAK = YES;
				CLANG_WARN_BLOCK_CAPTURE_AUTORELEASING = YES;
				CLANG_WARN_BOOL_CONVERSION = YES;
				CLANG_WARN_COMMA = YES;
				CLANG_WARN_CONSTANT_CONVERSION = YES;
				CLANG_WARN_DEPRECATED_OBJC_IMPLEMENTATIONS = YES;
				CLANG_WARN_DIRECT_OBJC_ISA_USAGE = YES_ERROR;
				CLANG_WARN_DOCUMENTATION_COMMENTS = YES;
				CLANG_WARN_EMPTY_BODY = YES;
				CLANG_WARN_ENUM_CONVERSION = YES;
				CLANG_WARN_INFINITE_RECURSION = YES;
				CLANG_WARN_INT_CONVERSION = YES;
				CLANG_WARN_NON_LITERAL_NULL_CONVERSION = YES;
				CLANG_WARN_OBJC_IMPLICIT_RETAIN_SELF = YES;
				CLANG_WARN_OBJC_LITERAL_CONVERSION = YES;
				CLANG_WARN_OBJC_ROOT_CLASS = YES_ERROR;
				CLANG_WARN_QUOTED_INCLUDE_IN_FRAMEWORK_HEADER = YES;
				CLANG_WARN_RANGE_LOOP_ANALYSIS = YES;
				CLANG_WARN_STRICT_PROTOTYPES = YES;
				CLANG_WARN_SUSPICIOUS_MOVE = YES;
				CLANG_WARN_UNGUARDED_AVAILABILITY = YES_AGGRESSIVE;
				CLANG_WARN_UNREACHABLE_CODE = YES;
				CLANG_WARN__DUPLICATE_METHOD_MATCH = YES;
				COPY_PHASE_STRIP = NO;
				DEBUG_INFORMATION_FORMAT = dwarf;
				ENABLE_STRICT_OBJC_MSGSEND = YES;
				ENABLE_TESTABILITY = YES;
				ENABLE_USER_SCRIPT_SANDBOXING = YES;
				GCC_C_LANGUAGE_STANDARD = gnu17;
				GCC_DYNAMIC_NO_PIC = NO;
				GCC_NO_COMMON_BLOCKS = YES;
				GCC_OPTIMIZATION_LEVEL = 0;
				GCC_PREPROCESSOR_DEFINITIONS = (
					"DEBUG=1",
					"$(inherited)",
				);
				GCC_WARN_64_TO_32_BIT_CONVERSION = YES;
				GCC_WARN_ABOUT_RETURN_TYPE = YES_ERROR;
				GCC_WARN_UNDECLARED_SELECTOR = YES;
				GCC_WARN_UNINITIALIZED_AUTOS = YES_AGGRESSIVE;
				GCC_WARN_UNUSED_FUNCTION = YES;
				GCC_WARN_UNUSED_VARIABLE = YES;
				IPHONEOS_DEPLOYMENT_TARGET = 17.2;
				LOCALIZATION_PREFERS_STRING_CATALOGS = YES;
				MTL_ENABLE_DEBUG_INFO = INCLUDE_SOURCE;
				MTL_FAST_MATH = YES;
				ONLY_ACTIVE_ARCH = YES;
				SDKROOT = iphoneos;
			};
			name = Debug;
		};
		F76290D52BD2111900ABFAFA /* Release */ = {
			isa = XCBuildConfiguration;
			buildSettings = {
				ALWAYS_SEARCH_USER_PATHS = NO;
				ASSETCATALOG_COMPILER_GENERATE_SWIFT_ASSET_SYMBOL_EXTENSIONS = YES;
				CLANG_ANALYZER_NONNULL = YES;
				CLANG_ANALYZER_NUMBER_OBJECT_CONVERSION = YES_AGGRESSIVE;
				CLANG_CXX_LANGUAGE_STANDARD = "gnu++20";
				CLANG_ENABLE_MODULES = YES;
				CLANG_ENABLE_OBJC_ARC = YES;
				CLANG_ENABLE_OBJC_WEAK = YES;
				CLANG_WARN_BLOCK_CAPTURE_AUTORELEASING = YES;
				CLANG_WARN_BOOL_CONVERSION = YES;
				CLANG_WARN_COMMA = YES;
				CLANG_WARN_CONSTANT_CONVERSION = YES;
				CLANG_WARN_DEPRECATED_OBJC_IMPLEMENTATIONS = YES;
				CLANG_WARN_DIRECT_OBJC_ISA_USAGE = YES_ERROR;
				CLANG_WARN_DOCUMENTATION_COMMENTS = YES;
				CLANG_WARN_EMPTY_BODY = YES;
				CLANG_WARN_ENUM_CONVERSION = YES;
				CLANG_WARN_INFINITE_RECURSION = YES;
				CLANG_WARN_INT_CONVERSION = YES;
				CLANG_WARN_NON_LITERAL_NULL_CONVERSION = YES;
				CLANG_WARN_OBJC_IMPLICIT_RETAIN_SELF = YES;
				CLANG_WARN_OBJC_LITERAL_CONVERSION = YES;
				CLANG_WARN_OBJC_ROOT_CLASS = YES_ERROR;
				CLANG_WARN_QUOTED_INCLUDE_IN_FRAMEWORK_HEADER = YES;
				CLANG_WARN_RANGE_LOOP_ANALYSIS = YES;
				CLANG_WARN_STRICT_PROTOTYPES = YES;
				CLANG_WARN_SUSPICIOUS_MOVE = YES;
				CLANG_WARN_UNGUARDED_AVAILABILITY = YES_AGGRESSIVE;
				CLANG_WARN_UNREACHABLE_CODE = YES;
				CLANG_WARN__DUPLICATE_METHOD_MATCH = YES;
				COPY_PHASE_STRIP = NO;
				DEBUG_INFORMATION_FORMAT = "dwarf-with-dsym";
				ENABLE_NS_ASSERTIONS = NO;
				ENABLE_STRICT_OBJC_MSGSEND = YES;
				ENABLE_USER_SCRIPT_SANDBOXING = YES;
				GCC_C_LANGUAGE_STANDARD = gnu17;
				GCC_NO_COMMON_BLOCKS = YES;
				GCC_WARN_64_TO_32_BIT_CONVERSION = YES;
				GCC_WARN_ABOUT_RETURN_TYPE = YES_ERROR;
				GCC_WARN_UNDECLARED_SELECTOR = YES;
				GCC_WARN_UNINITIALIZED_AUTOS = YES_AGGRESSIVE;
				GCC_WARN_UNUSED_FUNCTION = YES;
				GCC_WARN_UNUSED_VARIABLE = YES;
				IPHONEOS_DEPLOYMENT_TARGET = 17.2;
				LOCALIZATION_PREFERS_STRING_CATALOGS = YES;
				MTL_ENABLE_DEBUG_INFO = NO;
				MTL_FAST_MATH = YES;
				SDKROOT = iphoneos;
				VALIDATE_PRODUCT = YES;
			};
			name = Release;
		};
		F76290D72BD2111900ABFAFA /* Debug */ = {
			isa = XCBuildConfiguration;
			buildSettings = {
				ASSETCATALOG_COMPILER_APPICON_NAME = AppIcon;
				ASSETCATALOG_COMPILER_GLOBAL_ACCENT_COLOR_NAME = AccentColor;
				CODE_SIGN_STYLE = Automatic;
				CURRENT_PROJECT_VERSION = 1;
				GENERATE_INFOPLIST_FILE = YES;
				INFOPLIST_FILE = "Optimize-LaunchTime/Info.plist";
				INFOPLIST_KEY_UIApplicationSupportsIndirectInputEvents = YES;
				INFOPLIST_KEY_UILaunchStoryboardName = LaunchScreen;
				INFOPLIST_KEY_UIMainStoryboardFile = Main;
				INFOPLIST_KEY_UISupportedInterfaceOrientations_iPad = "UIInterfaceOrientationPortrait UIInterfaceOrientationPortraitUpsideDown UIInterfaceOrientationLandscapeLeft UIInterfaceOrientationLandscapeRight";
				INFOPLIST_KEY_UISupportedInterfaceOrientations_iPhone = "UIInterfaceOrientationPortrait UIInterfaceOrientationLandscapeLeft UIInterfaceOrientationLandscapeRight";
				LD_RUNPATH_SEARCH_PATHS = (
					"$(inherited)",
					"@executable_path/Frameworks",
				);
				MARKETING_VERSION = 1.0;
				PRODUCT_BUNDLE_IDENTIFIER = "com.chill.Optimize-LaunchTime";
				PRODUCT_NAME = "$(TARGET_NAME)";
				SWIFT_EMIT_LOC_STRINGS = YES;
				TARGETED_DEVICE_FAMILY = "1,2";
			};
			name = Debug;
		};
		F76290D82BD2111900ABFAFA /* Release */ = {
			isa = XCBuildConfiguration;
			buildSettings = {
				ASSETCATALOG_COMPILER_APPICON_NAME = AppIcon;
				ASSETCATALOG_COMPILER_GLOBAL_ACCENT_COLOR_NAME = AccentColor;
				CODE_SIGN_STYLE = Automatic;
				CURRENT_PROJECT_VERSION = 1;
				GENERATE_INFOPLIST_FILE = YES;
				INFOPLIST_FILE = "Optimize-LaunchTime/Info.plist";
				INFOPLIST_KEY_UIApplicationSupportsIndirectInputEvents = YES;
				INFOPLIST_KEY_UILaunchStoryboardName = LaunchScreen;
				INFOPLIST_KEY_UIMainStoryboardFile = Main;
				INFOPLIST_KEY_UISupportedInterfaceOrientations_iPad = "UIInterfaceOrientationPortrait UIInterfaceOrientationPortraitUpsideDown UIInterfaceOrientationLandscapeLeft UIInterfaceOrientationLandscapeRight";
				INFOPLIST_KEY_UISupportedInterfaceOrientations_iPhone = "UIInterfaceOrientationPortrait UIInterfaceOrientationLandscapeLeft UIInterfaceOrientationLandscapeRight";
				LD_RUNPATH_SEARCH_PATHS = (
					"$(inherited)",
					"@executable_path/Frameworks",
				);
				MARKETING_VERSION = 1.0;
				PRODUCT_BUNDLE_IDENTIFIER = "com.chill.Optimize-LaunchTime";
				PRODUCT_NAME = "$(TARGET_NAME)";
				SWIFT_EMIT_LOC_STRINGS = YES;
				TARGETED_DEVICE_FAMILY = "1,2";
			};
			name = Release;
		};
/* End XCBuildConfiguration section */

/* Begin XCConfigurationList section */
		F76290B82BD2111300ABFAFA /* Build configuration list for PBXProject "Optimize-LaunchTime" */ = {
			isa = XCConfigurationList;
			buildConfigurations = (
				F76290D42BD2111900ABFAFA /* Debug */,
				F76290D52BD2111900ABFAFA /* Release */,
			);
			defaultConfigurationIsVisible = 0;
			defaultConfigurationName = Release;
		};
		F76290D62BD2111900ABFAFA /* Build configuration list for PBXNativeTarget "Optimize-LaunchTime" */ = {
			isa = XCConfigurationList;
			buildConfigurations = (
				F76290D72BD2111900ABFAFA /* Debug */,
				F76290D82BD2111900ABFAFA /* Release */,
			);
			defaultConfigurationIsVisible = 0;
			defaultConfigurationName = Release;
		};
/* End XCConfigurationList section */
	};
	rootObject = F76290B52BD2111300ABFAFA /* Project object */;
}
